
Microsoft Visual Studio Solution File, Format Version 12.00
# Visual Studio Version 16
VisualStudioVersion = 16.0.30413.136
MinimumVisualStudioVersion = 10.0.40219.1
Project("{FAE04EC0-301F-11D3-BF4B-00C04F79EFBC}") = "PruebaApi", "PruebaApi\PruebaApi.csproj", "{FE146414-4DF1-40C3-8DA4-1B0C07AE64FD}"
EndProject
Global
	GlobalSection(SolutionConfigurationPlatforms) = preSolution
		Debug|Any CPU = Debug|Any CPU
		Release|Any CPU = Release|Any CPU
	EndGlobalSection
	GlobalSection(ProjectConfigurationPlatforms) = postSolution
		{FE146414-4DF1-40C3-8DA4-1B0C07AE64FD}.Debug|Any CPU.ActiveCfg = Debug|Any CPU
		{FE146414-4DF1-40C3-8DA4-1B0C07AE64FD}.Debug|Any CPU.Build.0 = Debug|Any CPU
		{FE146414-4DF1-40C3-8DA4-1B0C07AE64FD}.Release|Any CPU.ActiveCfg = Release|Any CPU
		{FE146414-4DF1-40C3-8DA4-1B0C07AE64FD}.Release|Any CPU.Build.0 = Release|Any CPU
	EndGlobalSection
	GlobalSection(SolutionProperties) = preSolution
		HideSolutionNode = FALSE
	EndGlobalSection
	GlobalSection(ExtensibilityGlobals) = postSolution
		SolutionGuid = {3625C6FE-8644-4F89-A67F-C8EE2022D8C5}
	EndGlobalSection
EndGlobal
